
Microsoft Visual Studio Solution File, Format Version 12.00
# Visual Studio Version 17
VisualStudioVersion = 17.5.002.0
MinimumVisualStudioVersion = 10.0.40219.1
Project("{9A19103F-16F7-4668-BE54-9A1E7A4F7556}") = "MiAppDotNet", "MiAppDotNet.csproj", "{D8363223-AF49-4A70-BE9C-7313AB72D5C6}"
EndProject
Global
	GlobalSection(SolutionConfigurationPlatforms) = preSolution
		Debug|Any CPU = Debug|Any CPU
		Release|Any CPU = Release|Any CPU
	EndGlobalSection
	GlobalSection(ProjectConfigurationPlatforms) = postSolution
		{D8363223-AF49-4A70-BE9C-7313AB72D5C6}.Debug|Any CPU.ActiveCfg = Debug|Any CPU
		{D8363223-AF49-4A70-BE9C-7313AB72D5C6}.Debug|Any CPU.Build.0 = Debug|Any CPU
		{D8363223-AF49-4A70-BE9C-7313AB72D5C6}.Release|Any CPU.ActiveCfg = Release|Any CPU
		{D8363223-AF49-4A70-BE9C-7313AB72D5C6}.Release|Any CPU.Build.0 = Release|Any CPU
	EndGlobalSection
	GlobalSection(SolutionProperties) = preSolution
		HideSolutionNode = FALSE
	EndGlobalSection
	GlobalSection(ExtensibilityGlobals) = postSolution
		SolutionGuid = {929D1365-D2ED-47B2-ACE2-389C5163FD30}
	EndGlobalSection
EndGlobal
